
Microsoft Visual Studio Solution File, Format Version 12.00
# Visual Studio Version 16
VisualStudioVersion = 16.0.30907.101
MinimumVisualStudioVersion = 10.0.40219.1
Project("{FAE04EC0-301F-11D3-BF4B-00C04F79EFBC}") = "CafeMenu_Console", "ConsoleApp5\CafeMenu_Console.csproj", "{66788125-C1C7-48F2-B9C1-95072470134A}"
EndProject
Project("{FAE04EC0-301F-11D3-BF4B-00C04F79EFBC}") = "Greeting_Console", "Greeting\Greeting_Console.csproj", "{19CC92A1-641A-4254-BF7C-23C37D4A1D13}"
EndProject
Project("{FAE04EC0-301F-11D3-BF4B-00C04F79EFBC}") = "CafeMenu_Repo", "CafeMenu_Repo\CafeMenu_Repo.csproj", "{4BC80C5E-6CC4-4891-8972-554D5FC64070}"
EndProject
Project("{FAE04EC0-301F-11D3-BF4B-00C04F79EFBC}") = "Greeting_Repo", "Greeting_Repo\Greeting_Repo.csproj", "{D347143A-9796-49B2-AD43-A3C0A0D490D9}"
EndProject
Project("{FAE04EC0-301F-11D3-BF4B-00C04F79EFBC}") = "Claims_Console", "Claimes_Console\Claims_Console.csproj", "{AECB9DC8-CA23-4265-AABB-2837440400A4}"
EndProject
Project("{FAE04EC0-301F-11D3-BF4B-00C04F79EFBC}") = "Claims_Repo", "Claims_Repo\Claims_Repo.csproj", "{3D0B25F7-BF26-4E21-92C0-D322AF910076}"
EndProject
Project("{FAE04EC0-301F-11D3-BF4B-00C04F79EFBC}") = "Badges_Repo", "Badges_Repo\Badges_Repo.csproj", "{36F505D6-2B41-4478-8237-65DB406532E0}"
EndProject
Project("{FAE04EC0-301F-11D3-BF4B-00C04F79EFBC}") = "Badge_Tests", "Badge_Tests\Badge_Tests.csproj", "{D5E12C80-7248-44C2-AB31-83CF27543330}"
EndProject
Project("{FAE04EC0-301F-11D3-BF4B-00C04F79EFBC}") = "Badge_Console", "Badge_Console\Badge_Console.csproj", "{3B19B58C-EF26-4527-ACEF-3F3C24CABE9A}"
EndProject
Project("{FAE04EC0-301F-11D3-BF4B-00C04F79EFBC}") = "CafeMenu_Tests", "CafeMenu_Tests\CafeMenu_Tests.csproj", "{593A1925-D7AB-4F3D-96C7-D43D9C81FEE8}"
EndProject
Project("{FAE04EC0-301F-11D3-BF4B-00C04F79EFBC}") = "Claims_Tests", "Claims_Tests\Claims_Tests.csproj", "{FFA25C19-447F-4E03-A940-864AEBF1CDD7}"
EndProject
Project("{FAE04EC0-301F-11D3-BF4B-00C04F79EFBC}") = "Greetings_Tests", "Client_Tests\Greetings_Tests.csproj", "{A5DD0260-86C2-42D0-B38E-1D858476193F}"
EndProject
Global
	GlobalSection(SolutionConfigurationPlatforms) = preSolution
		Debug|Any CPU = Debug|Any CPU
		Release|Any CPU = Release|Any CPU
	EndGlobalSection
	GlobalSection(ProjectConfigurationPlatforms) = postSolution
		{66788125-C1C7-48F2-B9C1-95072470134A}.Debug|Any CPU.ActiveCfg = Debug|Any CPU
		{66788125-C1C7-48F2-B9C1-95072470134A}.Debug|Any CPU.Build.0 = Debug|Any CPU
		{66788125-C1C7-48F2-B9C1-95072470134A}.Release|Any CPU.ActiveCfg = Release|Any CPU
		{66788125-C1C7-48F2-B9C1-95072470134A}.Release|Any CPU.Build.0 = Release|Any CPU
		{19CC92A1-641A-4254-BF7C-23C37D4A1D13}.Debug|Any CPU.ActiveCfg = Debug|Any CPU
		{19CC92A1-641A-4254-BF7C-23C37D4A1D13}.Debug|Any CPU.Build.0 = Debug|Any CPU
		{19CC92A1-641A-4254-BF7C-23C37D4A1D13}.Release|Any CPU.ActiveCfg = Release|Any CPU
		{19CC92A1-641A-4254-BF7C-23C37D4A1D13}.Release|Any CPU.Build.0 = Release|Any CPU
		{4BC80C5E-6CC4-4891-8972-554D5FC64070}.Debug|Any CPU.ActiveCfg = Debug|Any CPU
		{4BC80C5E-6CC4-4891-8972-554D5FC64070}.Debug|Any CPU.Build.0 = Debug|Any CPU
		{4BC80C5E-6CC4-4891-8972-554D5FC64070}.Release|Any CPU.ActiveCfg = Release|Any CPU
		{4BC80C5E-6CC4-4891-8972-554D5FC64070}.Release|Any CPU.Build.0 = Release|Any CPU
		{D347143A-9796-49B2-AD43-A3C0A0D490D9}.Debug|Any CPU.ActiveCfg = Debug|Any CPU
		{D347143A-9796-49B2-AD43-A3C0A0D490D9}.Debug|Any CPU.Build.0 = Debug|Any CPU
		{D347143A-9796-49B2-AD43-A3C0A0D490D9}.Release|Any CPU.ActiveCfg = Release|Any CPU
		{D347143A-9796-49B2-AD43-A3C0A0D490D9}.Release|Any CPU.Build.0 = Release|Any CPU
		{AECB9DC8-CA23-4265-AABB-2837440400A4}.Debug|Any CPU.ActiveCfg = Debug|Any CPU
		{AECB9DC8-CA23-4265-AABB-2837440400A4}.Debug|Any CPU.Build.0 = Debug|Any CPU
		{AECB9DC8-CA23-4265-AABB-2837440400A4}.Release|Any CPU.ActiveCfg = Release|Any CPU
		{AECB9DC8-CA23-4265-AABB-2837440400A4}.Release|Any CPU.Build.0 = Release|Any CPU
		{3D0B25F7-BF26-4E21-92C0-D322AF910076}.Debug|Any CPU.ActiveCfg = Debug|Any CPU
		{3D0B25F7-BF26-4E21-92C0-D322AF910076}.Debug|Any CPU.Build.0 = Debug|Any CPU
		{3D0B25F7-BF26-4E21-92C0-D322AF910076}.Release|Any CPU.ActiveCfg = Release|Any CPU
		{3D0B25F7-BF26-4E21-92C0-D322AF910076}.Release|Any CPU.Build.0 = Release|Any CPU
		{36F505D6-2B41-4478-8237-65DB406532E0}.Debug|Any CPU.ActiveCfg = Debug|Any CPU
		{36F505D6-2B41-4478-8237-65DB406532E0}.Debug|Any CPU.Build.0 = Debug|Any CPU
		{36F505D6-2B41-4478-8237-65DB406532E0}.Release|Any CPU.ActiveCfg = Release|Any CPU
		{36F505D6-2B41-4478-8237-65DB406532E0}.Release|Any CPU.Build.0 = Release|Any CPU
		{D5E12C80-7248-44C2-AB31-83CF27543330}.Debug|Any CPU.ActiveCfg = Debug|Any CPU
		{D5E12C80-7248-44C2-AB31-83CF27543330}.Debug|Any CPU.Build.0 = Debug|Any CPU
		{D5E12C80-7248-44C2-AB31-83CF27543330}.Release|Any CPU.ActiveCfg = Release|Any CPU
		{D5E12C80-7248-44C2-AB31-83CF27543330}.Release|Any CPU.Build.0 = Release|Any CPU
		{3B19B58C-EF26-4527-ACEF-3F3C24CABE9A}.Debug|Any CPU.ActiveCfg = Debug|Any CPU
		{3B19B58C-EF26-4527-ACEF-3F3C24CABE9A}.Debug|Any CPU.Build.0 = Debug|Any CPU
		{3B19B58C-EF26-4527-ACEF-3F3C24CABE9A}.Release|Any CPU.ActiveCfg = Release|Any CPU
		{3B19B58C-EF26-4527-ACEF-3F3C24CABE9A}.Release|Any CPU.Build.0 = Release|Any CPU
		{593A1925-D7AB-4F3D-96C7-D43D9C81FEE8}.Debug|Any CPU.ActiveCfg = Debug|Any CPU
		{593A1925-D7AB-4F3D-96C7-D43D9C81FEE8}.Debug|Any CPU.Build.0 = Debug|Any CPU
		{593A1925-D7AB-4F3D-96C7-D43D9C81FEE8}.Release|Any CPU.ActiveCfg = Release|Any CPU
		{593A1925-D7AB-4F3D-96C7-D43D9C81FEE8}.Release|Any CPU.Build.0 = Release|Any CPU
		{FFA25C19-447F-4E03-A940-864AEBF1CDD7}.Debug|Any CPU.ActiveCfg = Debug|Any CPU
		{FFA25C19-447F-4E03-A940-864AEBF1CDD7}.Debug|Any CPU.Build.0 = Debug|Any CPU
		{FFA25C19-447F-4E03-A940-864AEBF1CDD7}.Release|Any CPU.ActiveCfg = Release|Any CPU
		{FFA25C19-447F-4E03-A940-864AEBF1CDD7}.Release|Any CPU.Build.0 = Release|Any CPU
		{A5DD0260-86C2-42D0-B38E-1D858476193F}.Debug|Any CPU.ActiveCfg = Debug|Any CPU
		{A5DD0260-86C2-42D0-B38E-1D858476193F}.Debug|Any CPU.Build.0 = Debug|Any CPU
		{A5DD0260-86C2-42D0-B38E-1D858476193F}.Release|Any CPU.ActiveCfg = Release|Any CPU
		{A5DD0260-86C2-42D0-B38E-1D858476193F}.Release|Any CPU.Build.0 = Release|Any CPU
	EndGlobalSection
	GlobalSection(SolutionProperties) = preSolution
		HideSolutionNode = FALSE
	EndGlobalSection
	GlobalSection(ExtensibilityGlobals) = postSolution
		SolutionGuid = {2CA4D9EB-59DA-4B0D-8DCA-B5872C457025}
	EndGlobalSection
EndGlobal
