
Microsoft Visual Studio Solution File, Format Version 12.00
# Visual Studio Version 16
VisualStudioVersion = 16.0.30907.101
MinimumVisualStudioVersion = 10.0.40219.1
Project("{FAE04EC0-301F-11D3-BF4B-00C04F79EFBC}") = "Cafe_Menu", "ConsoleApp5\Cafe_Menu.csproj", "{66788125-C1C7-48F2-B9C1-95072470134A}"
EndProject
Global
	GlobalSection(SolutionConfigurationPlatforms) = preSolution
		Debug|Any CPU = Debug|Any CPU
		Release|Any CPU = Release|Any CPU
	EndGlobalSection
	GlobalSection(ProjectConfigurationPlatforms) = postSolution
		{66788125-C1C7-48F2-B9C1-95072470134A}.Debug|Any CPU.ActiveCfg = Debug|Any CPU
		{66788125-C1C7-48F2-B9C1-95072470134A}.Debug|Any CPU.Build.0 = Debug|Any CPU
		{66788125-C1C7-48F2-B9C1-95072470134A}.Release|Any CPU.ActiveCfg = Release|Any CPU
		{66788125-C1C7-48F2-B9C1-95072470134A}.Release|Any CPU.Build.0 = Release|Any CPU
	EndGlobalSection
	GlobalSection(SolutionProperties) = preSolution
		HideSolutionNode = FALSE
	EndGlobalSection
	GlobalSection(ExtensibilityGlobals) = postSolution
		SolutionGuid = {2CA4D9EB-59DA-4B0D-8DCA-B5872C457025}
	EndGlobalSection
EndGlobal
